
Microsoft Visual Studio Solution File, Format Version 12.00
# Visual Studio Version 17
VisualStudioVersion = 17.6.33829.357
MinimumVisualStudioVersion = 10.0.40219.1
Project("{FAE04EC0-301F-11D3-BF4B-00C04F79EFBC}") = "DigitalPrinting", "DigitalPrinting\DigitalPrinting.csproj", "{113E38AB-0F0E-4F9E-ADD6-BCEC120652A0}"
EndProject
Global
	GlobalSection(SolutionConfigurationPlatforms) = preSolution
		Debug|Any CPU = Debug|Any CPU
		Release|Any CPU = Release|Any CPU
	EndGlobalSection
	GlobalSection(ProjectConfigurationPlatforms) = postSolution
		{113E38AB-0F0E-4F9E-ADD6-BCEC120652A0}.Debug|Any CPU.ActiveCfg = Debug|Any CPU
		{113E38AB-0F0E-4F9E-ADD6-BCEC120652A0}.Debug|Any CPU.Build.0 = Debug|Any CPU
		{113E38AB-0F0E-4F9E-ADD6-BCEC120652A0}.Release|Any CPU.ActiveCfg = Release|Any CPU
		{113E38AB-0F0E-4F9E-ADD6-BCEC120652A0}.Release|Any CPU.Build.0 = Release|Any CPU
	EndGlobalSection
	GlobalSection(SolutionProperties) = preSolution
		HideSolutionNode = FALSE
	EndGlobalSection
	GlobalSection(ExtensibilityGlobals) = postSolution
		SolutionGuid = {A2ECB244-9799-40C1-A4E2-1E8F4DA04342}
	EndGlobalSection
EndGlobal
